// !$*UTF8*$!
{
	archiveVersion = 1;
	classes = {
	};
	objectVersion = 77;
	objects = {

/* Begin PBXBuildFile section */
		05C3081F5E8C97C4D8921DDB /* QueryBodyMassTool.swift in Sources */ = {isa = PBXBuildFile; fileRef = 97BB49147D7B4941E3EE0710 /* QueryBodyMassTool.swift */; };
		0BC000F7DD48BA3D97661527 /* Assets.xcassets in Resources */ = {isa = PBXBuildFile; fileRef = 60106F5ABDEB9BA9F2527F20 /* Assets.xcassets */; };
		104D8C7D0743319F27CF9B58 /* WorkoutBuilderTests.swift in Sources */ = {isa = PBXBuildFile; fileRef = DC016AAD7381E52DA04A1610 /* WorkoutBuilderTests.swift */; };
		1733C385FB0354B30A8D7D45 /* ScheduleWorkoutTool.swift in Sources */ = {isa = PBXBuildFile; fileRef = BC7F2AF6F6FBAE278E70AFEF /* ScheduleWorkoutTool.swift */; };
		1E78FB65A855CF8E21B43A2C /* App.swift in Sources */ = {isa = PBXBuildFile; fileRef = BB0F9B60D5839D632FF20383 /* App.swift */; };
		2C0D6CB5D84C36872A57106D /* DeleteScheduledWorkoutTool.swift in Sources */ = {isa = PBXBuildFile; fileRef = 5688051CBA5762A95C17A1CB /* DeleteScheduledWorkoutTool.swift */; };
		3F84C774696231DE4A25594B /* QueryScheduledWorkoutsTool.swift in Sources */ = {isa = PBXBuildFile; fileRef = AA5724F458BB4B888722BA05 /* QueryScheduledWorkoutsTool.swift */; };
		4C1E67CA66DA8C50AE0839AD /* ToolHelpers.swift in Sources */ = {isa = PBXBuildFile; fileRef = 93C59B60F3C0DB0BED1AF6F0 /* ToolHelpers.swift */; };
		51A30045C94FCFFE42FB3A00 /* QueryWorkoutsTool.swift in Sources */ = {isa = PBXBuildFile; fileRef = CECD30511D79B99814661EA9 /* QueryWorkoutsTool.swift */; };
		54CAC55955D19BC8D7B6B053 /* Models.swift in Sources */ = {isa = PBXBuildFile; fileRef = 6FDE4495175C870FC90B419F /* Models.swift */; };
		54EA026903896CFA197F24A5 /* QueryRestingHeartRateTool.swift in Sources */ = {isa = PBXBuildFile; fileRef = 3052A2FCB100215D06C748B3 /* QueryRestingHeartRateTool.swift */; };
		5D99BB5FF68989D8F8A25916 /* QueryHRVTool.swift in Sources */ = {isa = PBXBuildFile; fileRef = 960804E9160CE0992FFFF6BC /* QueryHRVTool.swift */; };
		6000C221EB63A175CEC457A7 /* HealthKitManager.swift in Sources */ = {isa = PBXBuildFile; fileRef = FCBE4CA693C7F0E989D2ED9D /* HealthKitManager.swift */; };
		736618DA71A1243517A3AAA6 /* MCP in Frameworks */ = {isa = PBXBuildFile; productRef = 63267DFA5C0706B1A6CB09B0 /* MCP */; };
		7377640C9BAED74090ADABD8 /* QuerySleepTool.swift in Sources */ = {isa = PBXBuildFile; fileRef = 0F31B44415A6F9D4BE4CEA4B /* QuerySleepTool.swift */; };
		A28BB3E4B5C6FCE6A6DE2E42 /* QueryVO2MaxTool.swift in Sources */ = {isa = PBXBuildFile; fileRef = A11041FCD645184C7AE4262E /* QueryVO2MaxTool.swift */; };
		B028BBDDF4463C83F8D0DC78 /* HTTPServer.swift in Sources */ = {isa = PBXBuildFile; fileRef = 8C5FA432DE27EF3274A1B0E6 /* HTTPServer.swift */; };
		B66F455B2E39D29414FD4987 /* QueryActivitySummaryTool.swift in Sources */ = {isa = PBXBuildFile; fileRef = F6C296BB0C1495B08B31D70E /* QueryActivitySummaryTool.swift */; };
		C16BD96DA362DC6864A3D709 /* WorkoutKitManager.swift in Sources */ = {isa = PBXBuildFile; fileRef = 1E10B36139E3B4E6B945A785 /* WorkoutKitManager.swift */; };
		CE523664A9C21A5C3A830FFE /* Server.swift in Sources */ = {isa = PBXBuildFile; fileRef = 350ABF57745F56A56F651D35 /* Server.swift */; };
		DBD6F561966732581CD80947 /* QueryToolParsingTests.swift in Sources */ = {isa = PBXBuildFile; fileRef = A55533F904A8BB5854889040 /* QueryToolParsingTests.swift */; };
		E8411E5AAE75265A36BC4A19 /* ContentView.swift in Sources */ = {isa = PBXBuildFile; fileRef = A6B350F6E313487F40E099E9 /* ContentView.swift */; };
		F10F3A70A80E8389E1EDDD71 /* HTTPParserTests.swift in Sources */ = {isa = PBXBuildFile; fileRef = 6AD29E322CC8457635169049 /* HTTPParserTests.swift */; };
		F93EE3F1523EFF1A784ED15F /* MCPService.swift in Sources */ = {isa = PBXBuildFile; fileRef = BAFEF1FD1B05F8136FB57ABD /* MCPService.swift */; };
/* End PBXBuildFile section */

/* Begin PBXContainerItemProxy section */
		9BC07F8D4BDEC464869FC9EB /* PBXContainerItemProxy */ = {
			isa = PBXContainerItemProxy;
			containerPortal = F0129D745914469425FE8304 /* Project object */;
			proxyType = 1;
			remoteGlobalIDString = 0AB19BDD762426B13D37AE13;
			remoteInfo = HealthKitMCP;
		};
/* End PBXContainerItemProxy section */

/* Begin PBXFileReference section */
		0F31B44415A6F9D4BE4CEA4B /* QuerySleepTool.swift */ = {isa = PBXFileReference; lastKnownFileType = sourcecode.swift; path = QuerySleepTool.swift; sourceTree = "<group>"; };
		1E10B36139E3B4E6B945A785 /* WorkoutKitManager.swift */ = {isa = PBXFileReference; lastKnownFileType = sourcecode.swift; path = WorkoutKitManager.swift; sourceTree = "<group>"; };
		3052A2FCB100215D06C748B3 /* QueryRestingHeartRateTool.swift */ = {isa = PBXFileReference; lastKnownFileType = sourcecode.swift; path = QueryRestingHeartRateTool.swift; sourceTree = "<group>"; };
		350ABF57745F56A56F651D35 /* Server.swift */ = {isa = PBXFileReference; lastKnownFileType = sourcecode.swift; path = Server.swift; sourceTree = "<group>"; };
		5688051CBA5762A95C17A1CB /* DeleteScheduledWorkoutTool.swift */ = {isa = PBXFileReference; lastKnownFileType = sourcecode.swift; path = DeleteScheduledWorkoutTool.swift; sourceTree = "<group>"; };
		60106F5ABDEB9BA9F2527F20 /* Assets.xcassets */ = {isa = PBXFileReference; lastKnownFileType = folder.assetcatalog; path = Assets.xcassets; sourceTree = "<group>"; };
		62DDAF2510C95F53830536B1 /* HealthKitMCPTests.xctest */ = {isa = PBXFileReference; includeInIndex = 0; lastKnownFileType = wrapper.cfbundle; path = HealthKitMCPTests.xctest; sourceTree = BUILT_PRODUCTS_DIR; };
		65999B87C71D2C185970863A /* HealthKitMCP.entitlements */ = {isa = PBXFileReference; lastKnownFileType = text.plist.entitlements; path = HealthKitMCP.entitlements; sourceTree = "<group>"; };
		6AD29E322CC8457635169049 /* HTTPParserTests.swift */ = {isa = PBXFileReference; lastKnownFileType = sourcecode.swift; path = HTTPParserTests.swift; sourceTree = "<group>"; };
		6FDE4495175C870FC90B419F /* Models.swift */ = {isa = PBXFileReference; lastKnownFileType = sourcecode.swift; path = Models.swift; sourceTree = "<group>"; };
		6FF87EA3F187CD5E9F256ED5 /* HealthKitMCP.app */ = {isa = PBXFileReference; explicitFileType = wrapper.application; includeInIndex = 0; path = HealthKitMCP.app; sourceTree = BUILT_PRODUCTS_DIR; };
		7064B4297B3A50657303AD1A /* Info.plist */ = {isa = PBXFileReference; lastKnownFileType = text.plist; path = Info.plist; sourceTree = "<group>"; };
		8C5FA432DE27EF3274A1B0E6 /* HTTPServer.swift */ = {isa = PBXFileReference; lastKnownFileType = sourcecode.swift; path = HTTPServer.swift; sourceTree = "<group>"; };
		93C59B60F3C0DB0BED1AF6F0 /* ToolHelpers.swift */ = {isa = PBXFileReference; lastKnownFileType = sourcecode.swift; path = ToolHelpers.swift; sourceTree = "<group>"; };
		960804E9160CE0992FFFF6BC /* QueryHRVTool.swift */ = {isa = PBXFileReference; lastKnownFileType = sourcecode.swift; path = QueryHRVTool.swift; sourceTree = "<group>"; };
		97BB49147D7B4941E3EE0710 /* QueryBodyMassTool.swift */ = {isa = PBXFileReference; lastKnownFileType = sourcecode.swift; path = QueryBodyMassTool.swift; sourceTree = "<group>"; };
		A11041FCD645184C7AE4262E /* QueryVO2MaxTool.swift */ = {isa = PBXFileReference; lastKnownFileType = sourcecode.swift; path = QueryVO2MaxTool.swift; sourceTree = "<group>"; };
		A55533F904A8BB5854889040 /* QueryToolParsingTests.swift */ = {isa = PBXFileReference; lastKnownFileType = sourcecode.swift; path = QueryToolParsingTests.swift; sourceTree = "<group>"; };
		A6B350F6E313487F40E099E9 /* ContentView.swift */ = {isa = PBXFileReference; lastKnownFileType = sourcecode.swift; path = ContentView.swift; sourceTree = "<group>"; };
		AA5724F458BB4B888722BA05 /* QueryScheduledWorkoutsTool.swift */ = {isa = PBXFileReference; lastKnownFileType = sourcecode.swift; path = QueryScheduledWorkoutsTool.swift; sourceTree = "<group>"; };
		BAFEF1FD1B05F8136FB57ABD /* MCPService.swift */ = {isa = PBXFileReference; lastKnownFileType = sourcecode.swift; path = MCPService.swift; sourceTree = "<group>"; };
		BB0F9B60D5839D632FF20383 /* App.swift */ = {isa = PBXFileReference; lastKnownFileType = sourcecode.swift; path = App.swift; sourceTree = "<group>"; };
		BC7F2AF6F6FBAE278E70AFEF /* ScheduleWorkoutTool.swift */ = {isa = PBXFileReference; lastKnownFileType = sourcecode.swift; path = ScheduleWorkoutTool.swift; sourceTree = "<group>"; };
		CECD30511D79B99814661EA9 /* QueryWorkoutsTool.swift */ = {isa = PBXFileReference; lastKnownFileType = sourcecode.swift; path = QueryWorkoutsTool.swift; sourceTree = "<group>"; };
		DC016AAD7381E52DA04A1610 /* WorkoutBuilderTests.swift */ = {isa = PBXFileReference; lastKnownFileType = sourcecode.swift; path = WorkoutBuilderTests.swift; sourceTree = "<group>"; };
		F6C296BB0C1495B08B31D70E /* QueryActivitySummaryTool.swift */ = {isa = PBXFileReference; lastKnownFileType = sourcecode.swift; path = QueryActivitySummaryTool.swift; sourceTree = "<group>"; };
		FCBE4CA693C7F0E989D2ED9D /* HealthKitManager.swift */ = {isa = PBXFileReference; lastKnownFileType = sourcecode.swift; path = HealthKitManager.swift; sourceTree = "<group>"; };
/* End PBXFileReference section */

/* Begin PBXFrameworksBuildPhase section */
		54DBE287B941E576FE40A12B /* Frameworks */ = {
			isa = PBXFrameworksBuildPhase;
			buildActionMask = 2147483647;
			files = (
				736618DA71A1243517A3AAA6 /* MCP in Frameworks */,
			);
			runOnlyForDeploymentPostprocessing = 0;
		};
/* End PBXFrameworksBuildPhase section */

/* Begin PBXGroup section */
		0C2994202BDF77926D37EC85 /* App */ = {
			isa = PBXGroup;
			children = (
				BB0F9B60D5839D632FF20383 /* App.swift */,
				A6B350F6E313487F40E099E9 /* ContentView.swift */,
			);
			path = App;
			sourceTree = "<group>";
		};
		4450FC408BF4E023D260EA34 /* MCP */ = {
			isa = PBXGroup;
			children = (
				8C5FA432DE27EF3274A1B0E6 /* HTTPServer.swift */,
				BAFEF1FD1B05F8136FB57ABD /* MCPService.swift */,
				350ABF57745F56A56F651D35 /* Server.swift */,
				8EFFAD087CABE727FE9CAAFC /* Tools */,
			);
			path = MCP;
			sourceTree = "<group>";
		};
		67C6B6C1D78AA39AE44715DE /* HealthKitMCPTests */ = {
			isa = PBXGroup;
			children = (
				6AD29E322CC8457635169049 /* HTTPParserTests.swift */,
				A55533F904A8BB5854889040 /* QueryToolParsingTests.swift */,
				DC016AAD7381E52DA04A1610 /* WorkoutBuilderTests.swift */,
			);
			path = HealthKitMCPTests;
			sourceTree = "<group>";
		};
		8EFFAD087CABE727FE9CAAFC /* Tools */ = {
			isa = PBXGroup;
			children = (
				5688051CBA5762A95C17A1CB /* DeleteScheduledWorkoutTool.swift */,
				F6C296BB0C1495B08B31D70E /* QueryActivitySummaryTool.swift */,
				97BB49147D7B4941E3EE0710 /* QueryBodyMassTool.swift */,
				960804E9160CE0992FFFF6BC /* QueryHRVTool.swift */,
				3052A2FCB100215D06C748B3 /* QueryRestingHeartRateTool.swift */,
				AA5724F458BB4B888722BA05 /* QueryScheduledWorkoutsTool.swift */,
				0F31B44415A6F9D4BE4CEA4B /* QuerySleepTool.swift */,
				A11041FCD645184C7AE4262E /* QueryVO2MaxTool.swift */,
				CECD30511D79B99814661EA9 /* QueryWorkoutsTool.swift */,
				BC7F2AF6F6FBAE278E70AFEF /* ScheduleWorkoutTool.swift */,
				93C59B60F3C0DB0BED1AF6F0 /* ToolHelpers.swift */,
			);
			path = Tools;
			sourceTree = "<group>";
		};
		CE00981B5432127B66A709D8 = {
			isa = PBXGroup;
			children = (
				DED9C9BE904DBFA75E592466 /* HealthKitMCP */,
				67C6B6C1D78AA39AE44715DE /* HealthKitMCPTests */,
				FF3F15A9CDC8E4081E108EF4 /* Products */,
			);
			sourceTree = "<group>";
		};
		D16AEA143BDB13399F4EF44A /* Health */ = {
			isa = PBXGroup;
			children = (
				FCBE4CA693C7F0E989D2ED9D /* HealthKitManager.swift */,
				6FDE4495175C870FC90B419F /* Models.swift */,
				1E10B36139E3B4E6B945A785 /* WorkoutKitManager.swift */,
			);
			path = Health;
			sourceTree = "<group>";
		};
		DED9C9BE904DBFA75E592466 /* HealthKitMCP */ = {
			isa = PBXGroup;
			children = (
				60106F5ABDEB9BA9F2527F20 /* Assets.xcassets */,
				65999B87C71D2C185970863A /* HealthKitMCP.entitlements */,
				7064B4297B3A50657303AD1A /* Info.plist */,
				0C2994202BDF77926D37EC85 /* App */,
				D16AEA143BDB13399F4EF44A /* Health */,
				4450FC408BF4E023D260EA34 /* MCP */,
			);
			path = HealthKitMCP;
			sourceTree = "<group>";
		};
		FF3F15A9CDC8E4081E108EF4 /* Products */ = {
			isa = PBXGroup;
			children = (
				6FF87EA3F187CD5E9F256ED5 /* HealthKitMCP.app */,
				62DDAF2510C95F53830536B1 /* HealthKitMCPTests.xctest */,
			);
			name = Products;
			sourceTree = "<group>";
		};
/* End PBXGroup section */

/* Begin PBXNativeTarget section */
		0AB19BDD762426B13D37AE13 /* HealthKitMCP */ = {
			isa = PBXNativeTarget;
			buildConfigurationList = 7A4CAD83184AFEBBF20D8C9F /* Build configuration list for PBXNativeTarget "HealthKitMCP" */;
			buildPhases = (
				E3FC7F17B2773AFBFCC6DF81 /* Sources */,
				A677688DD27C6BD1631E1473 /* Resources */,
				54DBE287B941E576FE40A12B /* Frameworks */,
			);
			buildRules = (
			);
			dependencies = (
			);
			name = HealthKitMCP;
			packageProductDependencies = (
				63267DFA5C0706B1A6CB09B0 /* MCP */,
			);
			productName = HealthKitMCP;
			productReference = 6FF87EA3F187CD5E9F256ED5 /* HealthKitMCP.app */;
			productType = "com.apple.product-type.application";
		};
		D79B4CB436690884B03BB340 /* HealthKitMCPTests */ = {
			isa = PBXNativeTarget;
			buildConfigurationList = BD8EFBB6CE0DF6EDEF853413 /* Build configuration list for PBXNativeTarget "HealthKitMCPTests" */;
			buildPhases = (
				AB8A7C3CBE4FB3D595AD9B60 /* Sources */,
			);
			buildRules = (
			);
			dependencies = (
				012CCA144D4FDBF7DE188937 /* PBXTargetDependency */,
			);
			name = HealthKitMCPTests;
			packageProductDependencies = (
			);
			productName = HealthKitMCPTests;
			productReference = 62DDAF2510C95F53830536B1 /* HealthKitMCPTests.xctest */;
			productType = "com.apple.product-type.bundle.unit-test";
		};
/* End PBXNativeTarget section */

/* Begin PBXProject section */
		F0129D745914469425FE8304 /* Project object */ = {
			isa = PBXProject;
			attributes = {
				BuildIndependentTargetsInParallel = YES;
				LastUpgradeCheck = 1600;
				TargetAttributes = {
					0AB19BDD762426B13D37AE13 = {
						ProvisioningStyle = Automatic;
					};
				};
			};
			buildConfigurationList = F2D07566DD623B9CB658163E /* Build configuration list for PBXProject "HealthKitMCP" */;
			developmentRegion = en;
			hasScannedForEncodings = 0;
			knownRegions = (
				Base,
				en,
			);
			mainGroup = CE00981B5432127B66A709D8;
			minimizedProjectReferenceProxies = 1;
			packageReferences = (
				57D52A7866781FE5745945D1 /* XCRemoteSwiftPackageReference "swift-sdk" */,
			);
			preferredProjectObjectVersion = 77;
			productRefGroup = FF3F15A9CDC8E4081E108EF4 /* Products */;
			projectDirPath = "";
			projectRoot = "";
			targets = (
				0AB19BDD762426B13D37AE13 /* HealthKitMCP */,
				D79B4CB436690884B03BB340 /* HealthKitMCPTests */,
			);
		};
/* End PBXProject section */

/* Begin PBXResourcesBuildPhase section */
		A677688DD27C6BD1631E1473 /* Resources */ = {
			isa = PBXResourcesBuildPhase;
			buildActionMask = 2147483647;
			files = (
				0BC000F7DD48BA3D97661527 /* Assets.xcassets in Resources */,
			);
			runOnlyForDeploymentPostprocessing = 0;
		};
/* End PBXResourcesBuildPhase section */

/* Begin PBXSourcesBuildPhase section */
		AB8A7C3CBE4FB3D595AD9B60 /* Sources */ = {
			isa = PBXSourcesBuildPhase;
			buildActionMask = 2147483647;
			files = (
				F10F3A70A80E8389E1EDDD71 /* HTTPParserTests.swift in Sources */,
				DBD6F561966732581CD80947 /* QueryToolParsingTests.swift in Sources */,
				104D8C7D0743319F27CF9B58 /* WorkoutBuilderTests.swift in Sources */,
			);
			runOnlyForDeploymentPostprocessing = 0;
		};
		E3FC7F17B2773AFBFCC6DF81 /* Sources */ = {
			isa = PBXSourcesBuildPhase;
			buildActionMask = 2147483647;
			files = (
				1E78FB65A855CF8E21B43A2C /* App.swift in Sources */,
				E8411E5AAE75265A36BC4A19 /* ContentView.swift in Sources */,
				2C0D6CB5D84C36872A57106D /* DeleteScheduledWorkoutTool.swift in Sources */,
				B028BBDDF4463C83F8D0DC78 /* HTTPServer.swift in Sources */,
				6000C221EB63A175CEC457A7 /* HealthKitManager.swift in Sources */,
				F93EE3F1523EFF1A784ED15F /* MCPService.swift in Sources */,
				54CAC55955D19BC8D7B6B053 /* Models.swift in Sources */,
				B66F455B2E39D29414FD4987 /* QueryActivitySummaryTool.swift in Sources */,
				05C3081F5E8C97C4D8921DDB /* QueryBodyMassTool.swift in Sources */,
				5D99BB5FF68989D8F8A25916 /* QueryHRVTool.swift in Sources */,
				54EA026903896CFA197F24A5 /* QueryRestingHeartRateTool.swift in Sources */,
				3F84C774696231DE4A25594B /* QueryScheduledWorkoutsTool.swift in Sources */,
				7377640C9BAED74090ADABD8 /* QuerySleepTool.swift in Sources */,
				A28BB3E4B5C6FCE6A6DE2E42 /* QueryVO2MaxTool.swift in Sources */,
				51A30045C94FCFFE42FB3A00 /* QueryWorkoutsTool.swift in Sources */,
				1733C385FB0354B30A8D7D45 /* ScheduleWorkoutTool.swift in Sources */,
				CE523664A9C21A5C3A830FFE /* Server.swift in Sources */,
				4C1E67CA66DA8C50AE0839AD /* ToolHelpers.swift in Sources */,
				C16BD96DA362DC6864A3D709 /* WorkoutKitManager.swift in Sources */,
			);
			runOnlyForDeploymentPostprocessing = 0;
		};
/* End PBXSourcesBuildPhase section */

/* Begin PBXTargetDependency section */
		012CCA144D4FDBF7DE188937 /* PBXTargetDependency */ = {
			isa = PBXTargetDependency;
			target = 0AB19BDD762426B13D37AE13 /* HealthKitMCP */;
			targetProxy = 9BC07F8D4BDEC464869FC9EB /* PBXContainerItemProxy */;
		};
/* End PBXTargetDependency section */

/* Begin XCBuildConfiguration section */
		1C53B684C722A0ABC245F2D1 /* Debug */ = {
			isa = XCBuildConfiguration;
			buildSettings = {
				ALWAYS_SEARCH_USER_PATHS = NO;
				CLANG_ANALYZER_NONNULL = YES;
				CLANG_ANALYZER_NUMBER_OBJECT_CONVERSION = YES_AGGRESSIVE;
				CLANG_CXX_LANGUAGE_STANDARD = "gnu++14";
				CLANG_CXX_LIBRARY = "libc++";
				CLANG_ENABLE_MODULES = YES;
				CLANG_ENABLE_OBJC_ARC = YES;
				CLANG_ENABLE_OBJC_WEAK = YES;
				CLANG_WARN_BLOCK_CAPTURE_AUTORELEASING = YES;
				CLANG_WARN_BOOL_CONVERSION = YES;
				CLANG_WARN_COMMA = YES;
				CLANG_WARN_CONSTANT_CONVERSION = YES;
				CLANG_WARN_DEPRECATED_OBJC_IMPLEMENTATIONS = YES;
				CLANG_WARN_DIRECT_OBJC_ISA_USAGE = YES_ERROR;
				CLANG_WARN_DOCUMENTATION_COMMENTS = YES;
				CLANG_WARN_EMPTY_BODY = YES;
				CLANG_WARN_ENUM_CONVERSION = YES;
				CLANG_WARN_INFINITE_RECURSION = YES;
				CLANG_WARN_INT_CONVERSION = YES;
				CLANG_WARN_NON_LITERAL_NULL_CONVERSION = YES;
				CLANG_WARN_OBJC_IMPLICIT_RETAIN_SELF = YES;
				CLANG_WARN_OBJC_LITERAL_CONVERSION = YES;
				CLANG_WARN_OBJC_ROOT_CLASS = YES_ERROR;
				CLANG_WARN_QUOTED_INCLUDE_IN_FRAMEWORK_HEADER = YES;
				CLANG_WARN_RANGE_LOOP_ANALYSIS = YES;
				CLANG_WARN_STRICT_PROTOTYPES = YES;
				CLANG_WARN_SUSPICIOUS_MOVE = YES;
				CLANG_WARN_UNGUARDED_AVAILABILITY = YES_AGGRESSIVE;
				CLANG_WARN_UNREACHABLE_CODE = YES;
				CLANG_WARN__DUPLICATE_METHOD_MATCH = YES;
				COPY_PHASE_STRIP = NO;
				DEBUG_INFORMATION_FORMAT = dwarf;
				ENABLE_STRICT_OBJC_MSGSEND = YES;
				ENABLE_TESTABILITY = YES;
				GCC_C_LANGUAGE_STANDARD = gnu11;
				GCC_DYNAMIC_NO_PIC = NO;
				GCC_NO_COMMON_BLOCKS = YES;
				GCC_OPTIMIZATION_LEVEL = 0;
				GCC_PREPROCESSOR_DEFINITIONS = (
					"$(inherited)",
					"DEBUG=1",
				);
				GCC_WARN_64_TO_32_BIT_CONVERSION = YES;
				GCC_WARN_ABOUT_RETURN_TYPE = YES_ERROR;
				GCC_WARN_UNDECLARED_SELECTOR = YES;
				GCC_WARN_UNINITIALIZED_AUTOS = YES_AGGRESSIVE;
				GCC_WARN_UNUSED_FUNCTION = YES;
				GCC_WARN_UNUSED_VARIABLE = YES;
				IPHONEOS_DEPLOYMENT_TARGET = 18.0;
				MTL_ENABLE_DEBUG_INFO = INCLUDE_SOURCE;
				MTL_FAST_MATH = YES;
				ONLY_ACTIVE_ARCH = YES;
				PRODUCT_NAME = "$(TARGET_NAME)";
				SDKROOT = iphoneos;
				SWIFT_ACTIVE_COMPILATION_CONDITIONS = DEBUG;
				SWIFT_OPTIMIZATION_LEVEL = "-Onone";
				SWIFT_VERSION = 5.0;
			};
			name = Debug;
		};
		1E697E6A253A67F040C34AC3 /* Debug */ = {
			isa = XCBuildConfiguration;
			buildSettings = {
				BUNDLE_LOADER = "$(TEST_HOST)";
				GENERATE_INFOPLIST_FILE = YES;
				IPHONEOS_DEPLOYMENT_TARGET = 18.0;
				LD_RUNPATH_SEARCH_PATHS = (
					"$(inherited)",
					"@executable_path/Frameworks",
					"@loader_path/Frameworks",
				);
				PRODUCT_BUNDLE_IDENTIFIER = com.user.HealthKitMCPTests;
				SDKROOT = iphoneos;
				TARGETED_DEVICE_FAMILY = "1,2";
				TEST_HOST = "$(BUILT_PRODUCTS_DIR)/HealthKitMCP.app/HealthKitMCP";
			};
			name = Debug;
		};
		2894A0047744C9B04F23E32E /* Debug */ = {
			isa = XCBuildConfiguration;
			buildSettings = {
				ASSETCATALOG_COMPILER_APPICON_NAME = AppIcon;
				CODE_SIGN_ENTITLEMENTS = HealthKitMCP/HealthKitMCP.entitlements;
				CODE_SIGN_IDENTITY = "Apple Development";
				CODE_SIGN_STYLE = Automatic;
				DEVELOPMENT_TEAM = DDBV754U66;
				INFOPLIST_FILE = HealthKitMCP/Info.plist;
				IPHONEOS_DEPLOYMENT_TARGET = 18.0;
				LD_RUNPATH_SEARCH_PATHS = (
					"$(inherited)",
					"@executable_path/Frameworks",
				);
				PRODUCT_BUNDLE_IDENTIFIER = com.user.HealthKitMCP;
				SDKROOT = iphoneos;
				TARGETED_DEVICE_FAMILY = "1,2";
			};
			name = Debug;
		};
		5B2814018ED82FFB3F6F106F /* Release */ = {
			isa = XCBuildConfiguration;
			buildSettings = {
				BUNDLE_LOADER = "$(TEST_HOST)";
				GENERATE_INFOPLIST_FILE = YES;
				IPHONEOS_DEPLOYMENT_TARGET = 18.0;
				LD_RUNPATH_SEARCH_PATHS = (
					"$(inherited)",
					"@executable_path/Frameworks",
					"@loader_path/Frameworks",
				);
				PRODUCT_BUNDLE_IDENTIFIER = com.user.HealthKitMCPTests;
				SDKROOT = iphoneos;
				TARGETED_DEVICE_FAMILY = "1,2";
				TEST_HOST = "$(BUILT_PRODUCTS_DIR)/HealthKitMCP.app/HealthKitMCP";
			};
			name = Release;
		};
		CEA2D7AC4423DBC25A5469AE /* Release */ = {
			isa = XCBuildConfiguration;
			buildSettings = {
				ASSETCATALOG_COMPILER_APPICON_NAME = AppIcon;
				CODE_SIGN_ENTITLEMENTS = HealthKitMCP/HealthKitMCP.entitlements;
				CODE_SIGN_IDENTITY = "Apple Development";
				CODE_SIGN_STYLE = Automatic;
				DEVELOPMENT_TEAM = DDBV754U66;
				INFOPLIST_FILE = HealthKitMCP/Info.plist;
				IPHONEOS_DEPLOYMENT_TARGET = 18.0;
				LD_RUNPATH_SEARCH_PATHS = (
					"$(inherited)",
					"@executable_path/Frameworks",
				);
				PRODUCT_BUNDLE_IDENTIFIER = com.user.HealthKitMCP;
				SDKROOT = iphoneos;
				TARGETED_DEVICE_FAMILY = "1,2";
			};
			name = Release;
		};
		DD681B8B1F96AF425176C6BE /* Release */ = {
			isa = XCBuildConfiguration;
			buildSettings = {
				ALWAYS_SEARCH_USER_PATHS = NO;
				CLANG_ANALYZER_NONNULL = YES;
				CLANG_ANALYZER_NUMBER_OBJECT_CONVERSION = YES_AGGRESSIVE;
				CLANG_CXX_LANGUAGE_STANDARD = "gnu++14";
				CLANG_CXX_LIBRARY = "libc++";
				CLANG_ENABLE_MODULES = YES;
				CLANG_ENABLE_OBJC_ARC = YES;
				CLANG_ENABLE_OBJC_WEAK = YES;
				CLANG_WARN_BLOCK_CAPTURE_AUTORELEASING = YES;
				CLANG_WARN_BOOL_CONVERSION = YES;
				CLANG_WARN_COMMA = YES;
				CLANG_WARN_CONSTANT_CONVERSION = YES;
				CLANG_WARN_DEPRECATED_OBJC_IMPLEMENTATIONS = YES;
				CLANG_WARN_DIRECT_OBJC_ISA_USAGE = YES_ERROR;
				CLANG_WARN_DOCUMENTATION_COMMENTS = YES;
				CLANG_WARN_EMPTY_BODY = YES;
				CLANG_WARN_ENUM_CONVERSION = YES;
				CLANG_WARN_INFINITE_RECURSION = YES;
				CLANG_WARN_INT_CONVERSION = YES;
				CLANG_WARN_NON_LITERAL_NULL_CONVERSION = YES;
				CLANG_WARN_OBJC_IMPLICIT_RETAIN_SELF = YES;
				CLANG_WARN_OBJC_LITERAL_CONVERSION = YES;
				CLANG_WARN_OBJC_ROOT_CLASS = YES_ERROR;
				CLANG_WARN_QUOTED_INCLUDE_IN_FRAMEWORK_HEADER = YES;
				CLANG_WARN_RANGE_LOOP_ANALYSIS = YES;
				CLANG_WARN_STRICT_PROTOTYPES = YES;
				CLANG_WARN_SUSPICIOUS_MOVE = YES;
				CLANG_WARN_UNGUARDED_AVAILABILITY = YES_AGGRESSIVE;
				CLANG_WARN_UNREACHABLE_CODE = YES;
				CLANG_WARN__DUPLICATE_METHOD_MATCH = YES;
				COPY_PHASE_STRIP = NO;
				DEBUG_INFORMATION_FORMAT = "dwarf-with-dsym";
				ENABLE_NS_ASSERTIONS = NO;
				ENABLE_STRICT_OBJC_MSGSEND = YES;
				GCC_C_LANGUAGE_STANDARD = gnu11;
				GCC_NO_COMMON_BLOCKS = YES;
				GCC_WARN_64_TO_32_BIT_CONVERSION = YES;
				GCC_WARN_ABOUT_RETURN_TYPE = YES_ERROR;
				GCC_WARN_UNDECLARED_SELECTOR = YES;
				GCC_WARN_UNINITIALIZED_AUTOS = YES_AGGRESSIVE;
				GCC_WARN_UNUSED_FUNCTION = YES;
				GCC_WARN_UNUSED_VARIABLE = YES;
				IPHONEOS_DEPLOYMENT_TARGET = 18.0;
				MTL_ENABLE_DEBUG_INFO = NO;
				MTL_FAST_MATH = YES;
				PRODUCT_NAME = "$(TARGET_NAME)";
				SDKROOT = iphoneos;
				SWIFT_COMPILATION_MODE = wholemodule;
				SWIFT_OPTIMIZATION_LEVEL = "-O";
				SWIFT_VERSION = 5.0;
			};
			name = Release;
		};
/* End XCBuildConfiguration section */

/* Begin XCConfigurationList section */
		7A4CAD83184AFEBBF20D8C9F /* Build configuration list for PBXNativeTarget "HealthKitMCP" */ = {
			isa = XCConfigurationList;
			buildConfigurations = (
				2894A0047744C9B04F23E32E /* Debug */,
				CEA2D7AC4423DBC25A5469AE /* Release */,
			);
			defaultConfigurationIsVisible = 0;
			defaultConfigurationName = Debug;
		};
		BD8EFBB6CE0DF6EDEF853413 /* Build configuration list for PBXNativeTarget "HealthKitMCPTests" */ = {
			isa = XCConfigurationList;
			buildConfigurations = (
				1E697E6A253A67F040C34AC3 /* Debug */,
				5B2814018ED82FFB3F6F106F /* Release */,
			);
			defaultConfigurationIsVisible = 0;
			defaultConfigurationName = Debug;
		};
		F2D07566DD623B9CB658163E /* Build configuration list for PBXProject "HealthKitMCP" */ = {
			isa = XCConfigurationList;
			buildConfigurations = (
				1C53B684C722A0ABC245F2D1 /* Debug */,
				DD681B8B1F96AF425176C6BE /* Release */,
			);
			defaultConfigurationIsVisible = 0;
			defaultConfigurationName = Debug;
		};
/* End XCConfigurationList section */

/* Begin XCRemoteSwiftPackageReference section */
		57D52A7866781FE5745945D1 /* XCRemoteSwiftPackageReference "swift-sdk" */ = {
			isa = XCRemoteSwiftPackageReference;
			repositoryURL = "https://github.com/modelcontextprotocol/swift-sdk";
			requirement = {
				kind = upToNextMajorVersion;
				minimumVersion = 0.1.0;
			};
		};
/* End XCRemoteSwiftPackageReference section */

/* Begin XCSwiftPackageProductDependency section */
		63267DFA5C0706B1A6CB09B0 /* MCP */ = {
			isa = XCSwiftPackageProductDependency;
			package = 57D52A7866781FE5745945D1 /* XCRemoteSwiftPackageReference "swift-sdk" */;
			productName = MCP;
		};
/* End XCSwiftPackageProductDependency section */
	};
	rootObject = F0129D745914469425FE8304 /* Project object */;
}
