// !$*UTF8*$!
{
	archiveVersion = 1;
	classes = {
	};
	objectVersion = 77;
	objects = {

/* Begin PBXBuildFile section */
		1733C385FB0354B30A8D7D45 /* ScheduleWorkoutTool.swift in Sources */ = {isa = PBXBuildFile; fileRef = BC7F2AF6F6FBAE278E70AFEF /* ScheduleWorkoutTool.swift */; };
		467CE755AB96C382F002B9B3 /* main.swift in Sources */ = {isa = PBXBuildFile; fileRef = 00D141A40F73E5D2F05F0596 /* main.swift */; };
		54CAC55955D19BC8D7B6B053 /* Models.swift in Sources */ = {isa = PBXBuildFile; fileRef = 6FDE4495175C870FC90B419F /* Models.swift */; };
		736618DA71A1243517A3AAA6 /* MCP in Frameworks */ = {isa = PBXBuildFile; productRef = 63267DFA5C0706B1A6CB09B0 /* MCP */; };
		824ED6C6BD99DF573889B779 /* ListScheduledWorkoutsTool.swift in Sources */ = {isa = PBXBuildFile; fileRef = CA0AE44CEFEAAE621317A529 /* ListScheduledWorkoutsTool.swift */; };
		941BC7DA6DBE4A3E65615062 /* AuthView.swift in Sources */ = {isa = PBXBuildFile; fileRef = EBBD330BD887EC6A514B5F88 /* AuthView.swift */; };
		C16BD96DA362DC6864A3D709 /* WorkoutKitManager.swift in Sources */ = {isa = PBXBuildFile; fileRef = 1E10B36139E3B4E6B945A785 /* WorkoutKitManager.swift */; };
		CE523664A9C21A5C3A830FFE /* Server.swift in Sources */ = {isa = PBXBuildFile; fileRef = 350ABF57745F56A56F651D35 /* Server.swift */; };
		EAEF8B7BCCA4790C6FA56BDE /* AppDelegate.swift in Sources */ = {isa = PBXBuildFile; fileRef = 3EF6E747884FEF6AAA2B6F59 /* AppDelegate.swift */; };
/* End PBXBuildFile section */

/* Begin PBXFileReference section */
		00D141A40F73E5D2F05F0596 /* main.swift */ = {isa = PBXFileReference; lastKnownFileType = sourcecode.swift; path = main.swift; sourceTree = "<group>"; };
		1E10B36139E3B4E6B945A785 /* WorkoutKitManager.swift */ = {isa = PBXFileReference; lastKnownFileType = sourcecode.swift; path = WorkoutKitManager.swift; sourceTree = "<group>"; };
		350ABF57745F56A56F651D35 /* Server.swift */ = {isa = PBXFileReference; lastKnownFileType = sourcecode.swift; path = Server.swift; sourceTree = "<group>"; };
		3EF6E747884FEF6AAA2B6F59 /* AppDelegate.swift */ = {isa = PBXFileReference; lastKnownFileType = sourcecode.swift; path = AppDelegate.swift; sourceTree = "<group>"; };
		65999B87C71D2C185970863A /* HealthKitMCP.entitlements */ = {isa = PBXFileReference; lastKnownFileType = text.plist.entitlements; path = HealthKitMCP.entitlements; sourceTree = "<group>"; };
		6FDE4495175C870FC90B419F /* Models.swift */ = {isa = PBXFileReference; lastKnownFileType = sourcecode.swift; path = Models.swift; sourceTree = "<group>"; };
		6FF87EA3F187CD5E9F256ED5 /* HealthKitMCP.app */ = {isa = PBXFileReference; explicitFileType = wrapper.application; includeInIndex = 0; path = HealthKitMCP.app; sourceTree = BUILT_PRODUCTS_DIR; };
		7064B4297B3A50657303AD1A /* Info.plist */ = {isa = PBXFileReference; lastKnownFileType = text.plist; path = Info.plist; sourceTree = "<group>"; };
		BC7F2AF6F6FBAE278E70AFEF /* ScheduleWorkoutTool.swift */ = {isa = PBXFileReference; lastKnownFileType = sourcecode.swift; path = ScheduleWorkoutTool.swift; sourceTree = "<group>"; };
		CA0AE44CEFEAAE621317A529 /* ListScheduledWorkoutsTool.swift */ = {isa = PBXFileReference; lastKnownFileType = sourcecode.swift; path = ListScheduledWorkoutsTool.swift; sourceTree = "<group>"; };
		EBBD330BD887EC6A514B5F88 /* AuthView.swift */ = {isa = PBXFileReference; lastKnownFileType = sourcecode.swift; path = AuthView.swift; sourceTree = "<group>"; };
/* End PBXFileReference section */

/* Begin PBXFrameworksBuildPhase section */
		54DBE287B941E576FE40A12B /* Frameworks */ = {
			isa = PBXFrameworksBuildPhase;
			buildActionMask = 2147483647;
			files = (
				736618DA71A1243517A3AAA6 /* MCP in Frameworks */,
			);
			runOnlyForDeploymentPostprocessing = 0;
		};
/* End PBXFrameworksBuildPhase section */

/* Begin PBXGroup section */
		0C2994202BDF77926D37EC85 /* App */ = {
			isa = PBXGroup;
			children = (
				3EF6E747884FEF6AAA2B6F59 /* AppDelegate.swift */,
				EBBD330BD887EC6A514B5F88 /* AuthView.swift */,
				00D141A40F73E5D2F05F0596 /* main.swift */,
			);
			path = App;
			sourceTree = "<group>";
		};
		4450FC408BF4E023D260EA34 /* MCP */ = {
			isa = PBXGroup;
			children = (
				350ABF57745F56A56F651D35 /* Server.swift */,
				8EFFAD087CABE727FE9CAAFC /* Tools */,
			);
			path = MCP;
			sourceTree = "<group>";
		};
		8EFFAD087CABE727FE9CAAFC /* Tools */ = {
			isa = PBXGroup;
			children = (
				CA0AE44CEFEAAE621317A529 /* ListScheduledWorkoutsTool.swift */,
				BC7F2AF6F6FBAE278E70AFEF /* ScheduleWorkoutTool.swift */,
			);
			path = Tools;
			sourceTree = "<group>";
		};
		CE00981B5432127B66A709D8 = {
			isa = PBXGroup;
			children = (
				DED9C9BE904DBFA75E592466 /* HealthKitMCP */,
				FF3F15A9CDC8E4081E108EF4 /* Products */,
			);
			sourceTree = "<group>";
		};
		D16AEA143BDB13399F4EF44A /* Health */ = {
			isa = PBXGroup;
			children = (
				6FDE4495175C870FC90B419F /* Models.swift */,
				1E10B36139E3B4E6B945A785 /* WorkoutKitManager.swift */,
			);
			path = Health;
			sourceTree = "<group>";
		};
		DED9C9BE904DBFA75E592466 /* HealthKitMCP */ = {
			isa = PBXGroup;
			children = (
				65999B87C71D2C185970863A /* HealthKitMCP.entitlements */,
				7064B4297B3A50657303AD1A /* Info.plist */,
				0C2994202BDF77926D37EC85 /* App */,
				D16AEA143BDB13399F4EF44A /* Health */,
				4450FC408BF4E023D260EA34 /* MCP */,
			);
			path = HealthKitMCP;
			sourceTree = "<group>";
		};
		FF3F15A9CDC8E4081E108EF4 /* Products */ = {
			isa = PBXGroup;
			children = (
				6FF87EA3F187CD5E9F256ED5 /* HealthKitMCP.app */,
			);
			name = Products;
			sourceTree = "<group>";
		};
/* End PBXGroup section */

/* Begin PBXNativeTarget section */
		0AB19BDD762426B13D37AE13 /* HealthKitMCP */ = {
			isa = PBXNativeTarget;
			buildConfigurationList = 7A4CAD83184AFEBBF20D8C9F /* Build configuration list for PBXNativeTarget "HealthKitMCP" */;
			buildPhases = (
				E3FC7F17B2773AFBFCC6DF81 /* Sources */,
				54DBE287B941E576FE40A12B /* Frameworks */,
			);
			buildRules = (
			);
			dependencies = (
			);
			name = HealthKitMCP;
			packageProductDependencies = (
				63267DFA5C0706B1A6CB09B0 /* MCP */,
			);
			productName = HealthKitMCP;
			productReference = 6FF87EA3F187CD5E9F256ED5 /* HealthKitMCP.app */;
			productType = "com.apple.product-type.application";
		};
/* End PBXNativeTarget section */

/* Begin PBXProject section */
		F0129D745914469425FE8304 /* Project object */ = {
			isa = PBXProject;
			attributes = {
				BuildIndependentTargetsInParallel = YES;
				LastUpgradeCheck = 1500;
				TargetAttributes = {
					0AB19BDD762426B13D37AE13 = {
						ProvisioningStyle = Automatic;
					};
				};
			};
			buildConfigurationList = F2D07566DD623B9CB658163E /* Build configuration list for PBXProject "HealthKitMCP" */;
			developmentRegion = en;
			hasScannedForEncodings = 0;
			knownRegions = (
				Base,
				en,
			);
			mainGroup = CE00981B5432127B66A709D8;
			minimizedProjectReferenceProxies = 1;
			packageReferences = (
				57D52A7866781FE5745945D1 /* XCRemoteSwiftPackageReference "swift-sdk" */,
			);
			preferredProjectObjectVersion = 77;
			productRefGroup = FF3F15A9CDC8E4081E108EF4 /* Products */;
			projectDirPath = "";
			projectRoot = "";
			targets = (
				0AB19BDD762426B13D37AE13 /* HealthKitMCP */,
			);
		};
/* End PBXProject section */

/* Begin PBXSourcesBuildPhase section */
		E3FC7F17B2773AFBFCC6DF81 /* Sources */ = {
			isa = PBXSourcesBuildPhase;
			buildActionMask = 2147483647;
			files = (
				EAEF8B7BCCA4790C6FA56BDE /* AppDelegate.swift in Sources */,
				941BC7DA6DBE4A3E65615062 /* AuthView.swift in Sources */,
				824ED6C6BD99DF573889B779 /* ListScheduledWorkoutsTool.swift in Sources */,
				54CAC55955D19BC8D7B6B053 /* Models.swift in Sources */,
				1733C385FB0354B30A8D7D45 /* ScheduleWorkoutTool.swift in Sources */,
				CE523664A9C21A5C3A830FFE /* Server.swift in Sources */,
				C16BD96DA362DC6864A3D709 /* WorkoutKitManager.swift in Sources */,
				467CE755AB96C382F002B9B3 /* main.swift in Sources */,
			);
			runOnlyForDeploymentPostprocessing = 0;
		};
/* End PBXSourcesBuildPhase section */

/* Begin XCBuildConfiguration section */
		1C53B684C722A0ABC245F2D1 /* Debug */ = {
			isa = XCBuildConfiguration;
			buildSettings = {
				ALWAYS_SEARCH_USER_PATHS = NO;
				CLANG_ANALYZER_NONNULL = YES;
				CLANG_ANALYZER_NUMBER_OBJECT_CONVERSION = YES_AGGRESSIVE;
				CLANG_CXX_LANGUAGE_STANDARD = "gnu++14";
				CLANG_CXX_LIBRARY = "libc++";
				CLANG_ENABLE_MODULES = YES;
				CLANG_ENABLE_OBJC_ARC = YES;
				CLANG_ENABLE_OBJC_WEAK = YES;
				CLANG_WARN_BLOCK_CAPTURE_AUTORELEASING = YES;
				CLANG_WARN_BOOL_CONVERSION = YES;
				CLANG_WARN_COMMA = YES;
				CLANG_WARN_CONSTANT_CONVERSION = YES;
				CLANG_WARN_DEPRECATED_OBJC_IMPLEMENTATIONS = YES;
				CLANG_WARN_DIRECT_OBJC_ISA_USAGE = YES_ERROR;
				CLANG_WARN_DOCUMENTATION_COMMENTS = YES;
				CLANG_WARN_EMPTY_BODY = YES;
				CLANG_WARN_ENUM_CONVERSION = YES;
				CLANG_WARN_INFINITE_RECURSION = YES;
				CLANG_WARN_INT_CONVERSION = YES;
				CLANG_WARN_NON_LITERAL_NULL_CONVERSION = YES;
				CLANG_WARN_OBJC_IMPLICIT_RETAIN_SELF = YES;
				CLANG_WARN_OBJC_LITERAL_CONVERSION = YES;
				CLANG_WARN_OBJC_ROOT_CLASS = YES_ERROR;
				CLANG_WARN_QUOTED_INCLUDE_IN_FRAMEWORK_HEADER = YES;
				CLANG_WARN_RANGE_LOOP_ANALYSIS = YES;
				CLANG_WARN_STRICT_PROTOTYPES = YES;
				CLANG_WARN_SUSPICIOUS_MOVE = YES;
				CLANG_WARN_UNGUARDED_AVAILABILITY = YES_AGGRESSIVE;
				CLANG_WARN_UNREACHABLE_CODE = YES;
				CLANG_WARN__DUPLICATE_METHOD_MATCH = YES;
				COPY_PHASE_STRIP = NO;
				DEBUG_INFORMATION_FORMAT = dwarf;
				ENABLE_STRICT_OBJC_MSGSEND = YES;
				ENABLE_TESTABILITY = YES;
				GCC_C_LANGUAGE_STANDARD = gnu11;
				GCC_DYNAMIC_NO_PIC = NO;
				GCC_NO_COMMON_BLOCKS = YES;
				GCC_OPTIMIZATION_LEVEL = 0;
				GCC_PREPROCESSOR_DEFINITIONS = (
					"$(inherited)",
					"DEBUG=1",
				);
				GCC_WARN_64_TO_32_BIT_CONVERSION = YES;
				GCC_WARN_ABOUT_RETURN_TYPE = YES_ERROR;
				GCC_WARN_UNDECLARED_SELECTOR = YES;
				GCC_WARN_UNINITIALIZED_AUTOS = YES_AGGRESSIVE;
				GCC_WARN_UNUSED_FUNCTION = YES;
				GCC_WARN_UNUSED_VARIABLE = YES;
				MACOSX_DEPLOYMENT_TARGET = 15.0;
				MTL_ENABLE_DEBUG_INFO = INCLUDE_SOURCE;
				MTL_FAST_MATH = YES;
				ONLY_ACTIVE_ARCH = YES;
				PRODUCT_NAME = "$(TARGET_NAME)";
				SDKROOT = macosx;
				SWIFT_ACTIVE_COMPILATION_CONDITIONS = DEBUG;
				SWIFT_OPTIMIZATION_LEVEL = "-Onone";
				SWIFT_VERSION = 5.0;
			};
			name = Debug;
		};
		2894A0047744C9B04F23E32E /* Debug */ = {
			isa = XCBuildConfiguration;
			buildSettings = {
				ASSETCATALOG_COMPILER_APPICON_NAME = "";
				CODE_SIGN_ENTITLEMENTS = HealthKitMCP/HealthKitMCP.entitlements;
				CODE_SIGN_STYLE = Automatic;
				COMBINE_HIDPI_IMAGES = YES;
				INFOPLIST_FILE = HealthKitMCP/Info.plist;
				LD_RUNPATH_SEARCH_PATHS = (
					"$(inherited)",
					"@executable_path/../Frameworks",
				);
				MACOSX_DEPLOYMENT_TARGET = 15.0;
				PRODUCT_BUNDLE_IDENTIFIER = com.user.HealthKitMCP;
				SDKROOT = macosx;
				SWIFT_VERSION = 5.9;
			};
			name = Debug;
		};
		CEA2D7AC4423DBC25A5469AE /* Release */ = {
			isa = XCBuildConfiguration;
			buildSettings = {
				ASSETCATALOG_COMPILER_APPICON_NAME = "";
				CODE_SIGN_ENTITLEMENTS = HealthKitMCP/HealthKitMCP.entitlements;
				CODE_SIGN_STYLE = Automatic;
				COMBINE_HIDPI_IMAGES = YES;
				INFOPLIST_FILE = HealthKitMCP/Info.plist;
				LD_RUNPATH_SEARCH_PATHS = (
					"$(inherited)",
					"@executable_path/../Frameworks",
				);
				MACOSX_DEPLOYMENT_TARGET = 15.0;
				PRODUCT_BUNDLE_IDENTIFIER = com.user.HealthKitMCP;
				SDKROOT = macosx;
				SWIFT_VERSION = 5.9;
			};
			name = Release;
		};
		DD681B8B1F96AF425176C6BE /* Release */ = {
			isa = XCBuildConfiguration;
			buildSettings = {
				ALWAYS_SEARCH_USER_PATHS = NO;
				CLANG_ANALYZER_NONNULL = YES;
				CLANG_ANALYZER_NUMBER_OBJECT_CONVERSION = YES_AGGRESSIVE;
				CLANG_CXX_LANGUAGE_STANDARD = "gnu++14";
				CLANG_CXX_LIBRARY = "libc++";
				CLANG_ENABLE_MODULES = YES;
				CLANG_ENABLE_OBJC_ARC = YES;
				CLANG_ENABLE_OBJC_WEAK = YES;
				CLANG_WARN_BLOCK_CAPTURE_AUTORELEASING = YES;
				CLANG_WARN_BOOL_CONVERSION = YES;
				CLANG_WARN_COMMA = YES;
				CLANG_WARN_CONSTANT_CONVERSION = YES;
				CLANG_WARN_DEPRECATED_OBJC_IMPLEMENTATIONS = YES;
				CLANG_WARN_DIRECT_OBJC_ISA_USAGE = YES_ERROR;
				CLANG_WARN_DOCUMENTATION_COMMENTS = YES;
				CLANG_WARN_EMPTY_BODY = YES;
				CLANG_WARN_ENUM_CONVERSION = YES;
				CLANG_WARN_INFINITE_RECURSION = YES;
				CLANG_WARN_INT_CONVERSION = YES;
				CLANG_WARN_NON_LITERAL_NULL_CONVERSION = YES;
				CLANG_WARN_OBJC_IMPLICIT_RETAIN_SELF = YES;
				CLANG_WARN_OBJC_LITERAL_CONVERSION = YES;
				CLANG_WARN_OBJC_ROOT_CLASS = YES_ERROR;
				CLANG_WARN_QUOTED_INCLUDE_IN_FRAMEWORK_HEADER = YES;
				CLANG_WARN_RANGE_LOOP_ANALYSIS = YES;
				CLANG_WARN_STRICT_PROTOTYPES = YES;
				CLANG_WARN_SUSPICIOUS_MOVE = YES;
				CLANG_WARN_UNGUARDED_AVAILABILITY = YES_AGGRESSIVE;
				CLANG_WARN_UNREACHABLE_CODE = YES;
				CLANG_WARN__DUPLICATE_METHOD_MATCH = YES;
				COPY_PHASE_STRIP = NO;
				DEBUG_INFORMATION_FORMAT = "dwarf-with-dsym";
				ENABLE_NS_ASSERTIONS = NO;
				ENABLE_STRICT_OBJC_MSGSEND = YES;
				GCC_C_LANGUAGE_STANDARD = gnu11;
				GCC_NO_COMMON_BLOCKS = YES;
				GCC_WARN_64_TO_32_BIT_CONVERSION = YES;
				GCC_WARN_ABOUT_RETURN_TYPE = YES_ERROR;
				GCC_WARN_UNDECLARED_SELECTOR = YES;
				GCC_WARN_UNINITIALIZED_AUTOS = YES_AGGRESSIVE;
				GCC_WARN_UNUSED_FUNCTION = YES;
				GCC_WARN_UNUSED_VARIABLE = YES;
				MACOSX_DEPLOYMENT_TARGET = 15.0;
				MTL_ENABLE_DEBUG_INFO = NO;
				MTL_FAST_MATH = YES;
				PRODUCT_NAME = "$(TARGET_NAME)";
				SDKROOT = macosx;
				SWIFT_COMPILATION_MODE = wholemodule;
				SWIFT_OPTIMIZATION_LEVEL = "-O";
				SWIFT_VERSION = 5.0;
			};
			name = Release;
		};
/* End XCBuildConfiguration section */

/* Begin XCConfigurationList section */
		7A4CAD83184AFEBBF20D8C9F /* Build configuration list for PBXNativeTarget "HealthKitMCP" */ = {
			isa = XCConfigurationList;
			buildConfigurations = (
				2894A0047744C9B04F23E32E /* Debug */,
				CEA2D7AC4423DBC25A5469AE /* Release */,
			);
			defaultConfigurationIsVisible = 0;
			defaultConfigurationName = Debug;
		};
		F2D07566DD623B9CB658163E /* Build configuration list for PBXProject "HealthKitMCP" */ = {
			isa = XCConfigurationList;
			buildConfigurations = (
				1C53B684C722A0ABC245F2D1 /* Debug */,
				DD681B8B1F96AF425176C6BE /* Release */,
			);
			defaultConfigurationIsVisible = 0;
			defaultConfigurationName = Debug;
		};
/* End XCConfigurationList section */

/* Begin XCRemoteSwiftPackageReference section */
		57D52A7866781FE5745945D1 /* XCRemoteSwiftPackageReference "swift-sdk" */ = {
			isa = XCRemoteSwiftPackageReference;
			repositoryURL = "https://github.com/modelcontextprotocol/swift-sdk";
			requirement = {
				kind = upToNextMajorVersion;
				minimumVersion = 0.1.0;
			};
		};
/* End XCRemoteSwiftPackageReference section */

/* Begin XCSwiftPackageProductDependency section */
		63267DFA5C0706B1A6CB09B0 /* MCP */ = {
			isa = XCSwiftPackageProductDependency;
			package = 57D52A7866781FE5745945D1 /* XCRemoteSwiftPackageReference "swift-sdk" */;
			productName = MCP;
		};
/* End XCSwiftPackageProductDependency section */
	};
	rootObject = F0129D745914469425FE8304 /* Project object */;
}
